
Microsoft Visual Studio Solution File, Format Version 12.00
# Visual Studio Version 16
VisualStudioVersion = 16.0.31729.503
MinimumVisualStudioVersion = 10.0.40219.1
Project("{FAE04EC0-301F-11D3-BF4B-00C04F79EFBC}") = "Template Method", "Template Method\Template Method.csproj", "{96187364-8529-4864-B55C-42C9881CA5E0}"
EndProject
Project("{FAE04EC0-301F-11D3-BF4B-00C04F79EFBC}") = "FlagDrow", "FlagDrow\FlagDrow.csproj", "{9763CE52-CD2D-4A67-BE8A-2FE24821FBE5}"
EndProject
Global
	GlobalSection(SolutionConfigurationPlatforms) = preSolution
		Debug|Any CPU = Debug|Any CPU
		Release|Any CPU = Release|Any CPU
	EndGlobalSection
	GlobalSection(ProjectConfigurationPlatforms) = postSolution
		{96187364-8529-4864-B55C-42C9881CA5E0}.Debug|Any CPU.ActiveCfg = Debug|Any CPU
		{96187364-8529-4864-B55C-42C9881CA5E0}.Debug|Any CPU.Build.0 = Debug|Any CPU
		{96187364-8529-4864-B55C-42C9881CA5E0}.Release|Any CPU.ActiveCfg = Release|Any CPU
		{96187364-8529-4864-B55C-42C9881CA5E0}.Release|Any CPU.Build.0 = Release|Any CPU
		{9763CE52-CD2D-4A67-BE8A-2FE24821FBE5}.Debug|Any CPU.ActiveCfg = Debug|Any CPU
		{9763CE52-CD2D-4A67-BE8A-2FE24821FBE5}.Debug|Any CPU.Build.0 = Debug|Any CPU
		{9763CE52-CD2D-4A67-BE8A-2FE24821FBE5}.Release|Any CPU.ActiveCfg = Release|Any CPU
		{9763CE52-CD2D-4A67-BE8A-2FE24821FBE5}.Release|Any CPU.Build.0 = Release|Any CPU
	EndGlobalSection
	GlobalSection(SolutionProperties) = preSolution
		HideSolutionNode = FALSE
	EndGlobalSection
	GlobalSection(ExtensibilityGlobals) = postSolution
		SolutionGuid = {ABF7713F-12D7-4806-B14A-1CB78E6E3B29}
	EndGlobalSection
EndGlobal
