
Microsoft Visual Studio Solution File, Format Version 12.00
# Visual Studio Version 16
VisualStudioVersion = 16.0.31702.278
MinimumVisualStudioVersion = 10.0.40219.1
Project("{FAE04EC0-301F-11D3-BF4B-00C04F79EFBC}") = "Composite", "Composite\Composite.csproj", "{B0B15E2D-3722-4CB5-983D-9BC5D2DB053B}"
EndProject
Project("{FAE04EC0-301F-11D3-BF4B-00C04F79EFBC}") = "RecursionComposition", "RecursionComposition\RecursionComposition.csproj", "{CCE8D1E5-E9BC-4415-88E6-42423ABD6BC0}"
EndProject
Global
	GlobalSection(SolutionConfigurationPlatforms) = preSolution
		Debug|Any CPU = Debug|Any CPU
		Release|Any CPU = Release|Any CPU
	EndGlobalSection
	GlobalSection(ProjectConfigurationPlatforms) = postSolution
		{B0B15E2D-3722-4CB5-983D-9BC5D2DB053B}.Debug|Any CPU.ActiveCfg = Debug|Any CPU
		{B0B15E2D-3722-4CB5-983D-9BC5D2DB053B}.Debug|Any CPU.Build.0 = Debug|Any CPU
		{B0B15E2D-3722-4CB5-983D-9BC5D2DB053B}.Release|Any CPU.ActiveCfg = Release|Any CPU
		{B0B15E2D-3722-4CB5-983D-9BC5D2DB053B}.Release|Any CPU.Build.0 = Release|Any CPU
		{CCE8D1E5-E9BC-4415-88E6-42423ABD6BC0}.Debug|Any CPU.ActiveCfg = Debug|Any CPU
		{CCE8D1E5-E9BC-4415-88E6-42423ABD6BC0}.Debug|Any CPU.Build.0 = Debug|Any CPU
		{CCE8D1E5-E9BC-4415-88E6-42423ABD6BC0}.Release|Any CPU.ActiveCfg = Release|Any CPU
		{CCE8D1E5-E9BC-4415-88E6-42423ABD6BC0}.Release|Any CPU.Build.0 = Release|Any CPU
	EndGlobalSection
	GlobalSection(SolutionProperties) = preSolution
		HideSolutionNode = FALSE
	EndGlobalSection
	GlobalSection(ExtensibilityGlobals) = postSolution
		SolutionGuid = {A7D8AF1E-51FF-410D-AD04-78F35CE2BB77}
	EndGlobalSection
EndGlobal
