
Microsoft Visual Studio Solution File, Format Version 12.00
# Visual Studio Version 16
VisualStudioVersion = 16.0.31702.278
MinimumVisualStudioVersion = 10.0.40219.1
Project("{FAE04EC0-301F-11D3-BF4B-00C04F79EFBC}") = "Flyweight", "Flyweight\Flyweight.csproj", "{DC23795E-68D8-47CB-A40C-A8CD62F738EF}"
EndProject
Global
	GlobalSection(SolutionConfigurationPlatforms) = preSolution
		Debug|Any CPU = Debug|Any CPU
		Release|Any CPU = Release|Any CPU
	EndGlobalSection
	GlobalSection(ProjectConfigurationPlatforms) = postSolution
		{DC23795E-68D8-47CB-A40C-A8CD62F738EF}.Debug|Any CPU.ActiveCfg = Debug|Any CPU
		{DC23795E-68D8-47CB-A40C-A8CD62F738EF}.Debug|Any CPU.Build.0 = Debug|Any CPU
		{DC23795E-68D8-47CB-A40C-A8CD62F738EF}.Release|Any CPU.ActiveCfg = Release|Any CPU
		{DC23795E-68D8-47CB-A40C-A8CD62F738EF}.Release|Any CPU.Build.0 = Release|Any CPU
	EndGlobalSection
	GlobalSection(SolutionProperties) = preSolution
		HideSolutionNode = FALSE
	EndGlobalSection
	GlobalSection(ExtensibilityGlobals) = postSolution
		SolutionGuid = {0D00349E-531D-418F-8FE7-36CF59396E55}
	EndGlobalSection
EndGlobal
