
Microsoft Visual Studio Solution File, Format Version 12.00
# Visual Studio Version 16
VisualStudioVersion = 16.0.31702.278
MinimumVisualStudioVersion = 10.0.40219.1
Project("{FAE04EC0-301F-11D3-BF4B-00C04F79EFBC}") = "Proxy", "Proxy\Proxy.csproj", "{CED6F076-8348-47D9-B23C-EC9AFEEFC1F2}"
EndProject
Project("{FAE04EC0-301F-11D3-BF4B-00C04F79EFBC}") = "ImageProxy", "ImageProxy\ImageProxy.csproj", "{013266C9-8738-4630-8594-B482D4F1D2A6}"
EndProject
Project("{FAE04EC0-301F-11D3-BF4B-00C04F79EFBC}") = "ProxyCRUD", "ProxyCRUD\ProxyCRUD.csproj", "{0BFDF52A-1669-4002-B42B-E2A3A0E0D2F4}"
EndProject
Global
	GlobalSection(SolutionConfigurationPlatforms) = preSolution
		Debug|Any CPU = Debug|Any CPU
		Release|Any CPU = Release|Any CPU
	EndGlobalSection
	GlobalSection(ProjectConfigurationPlatforms) = postSolution
		{CED6F076-8348-47D9-B23C-EC9AFEEFC1F2}.Debug|Any CPU.ActiveCfg = Debug|Any CPU
		{CED6F076-8348-47D9-B23C-EC9AFEEFC1F2}.Debug|Any CPU.Build.0 = Debug|Any CPU
		{CED6F076-8348-47D9-B23C-EC9AFEEFC1F2}.Release|Any CPU.ActiveCfg = Release|Any CPU
		{CED6F076-8348-47D9-B23C-EC9AFEEFC1F2}.Release|Any CPU.Build.0 = Release|Any CPU
		{013266C9-8738-4630-8594-B482D4F1D2A6}.Debug|Any CPU.ActiveCfg = Debug|Any CPU
		{013266C9-8738-4630-8594-B482D4F1D2A6}.Debug|Any CPU.Build.0 = Debug|Any CPU
		{013266C9-8738-4630-8594-B482D4F1D2A6}.Release|Any CPU.ActiveCfg = Release|Any CPU
		{013266C9-8738-4630-8594-B482D4F1D2A6}.Release|Any CPU.Build.0 = Release|Any CPU
		{0BFDF52A-1669-4002-B42B-E2A3A0E0D2F4}.Debug|Any CPU.ActiveCfg = Debug|Any CPU
		{0BFDF52A-1669-4002-B42B-E2A3A0E0D2F4}.Debug|Any CPU.Build.0 = Debug|Any CPU
		{0BFDF52A-1669-4002-B42B-E2A3A0E0D2F4}.Release|Any CPU.ActiveCfg = Release|Any CPU
		{0BFDF52A-1669-4002-B42B-E2A3A0E0D2F4}.Release|Any CPU.Build.0 = Release|Any CPU
	EndGlobalSection
	GlobalSection(SolutionProperties) = preSolution
		HideSolutionNode = FALSE
	EndGlobalSection
	GlobalSection(ExtensibilityGlobals) = postSolution
		SolutionGuid = {7CB6CC5D-9F9D-4228-AA41-7F5B388ECB18}
	EndGlobalSection
EndGlobal
