
Microsoft Visual Studio Solution File, Format Version 12.00
# Visual Studio Version 16
VisualStudioVersion = 16.0.31702.278
MinimumVisualStudioVersion = 10.0.40219.1
Project("{FAE04EC0-301F-11D3-BF4B-00C04F79EFBC}") = "Bridge", "Bridge\Bridge.csproj", "{70A641E3-A192-4E12-8507-DFD10738C851}"
EndProject
Project("{FAE04EC0-301F-11D3-BF4B-00C04F79EFBC}") = "BridgeCollections", "BridgeCollections\BridgeCollections.csproj", "{7EDAA536-4E0B-4FC7-88E5-1209537C307A}"
EndProject
Project("{FAE04EC0-301F-11D3-BF4B-00C04F79EFBC}") = "BridgeWindow", "BridgeWindow\BridgeWindow.csproj", "{2B763FCC-4F56-462A-94F9-08A8A8D2B15C}"
EndProject
Global
	GlobalSection(SolutionConfigurationPlatforms) = preSolution
		Debug|Any CPU = Debug|Any CPU
		Release|Any CPU = Release|Any CPU
	EndGlobalSection
	GlobalSection(ProjectConfigurationPlatforms) = postSolution
		{70A641E3-A192-4E12-8507-DFD10738C851}.Debug|Any CPU.ActiveCfg = Debug|Any CPU
		{70A641E3-A192-4E12-8507-DFD10738C851}.Debug|Any CPU.Build.0 = Debug|Any CPU
		{70A641E3-A192-4E12-8507-DFD10738C851}.Release|Any CPU.ActiveCfg = Release|Any CPU
		{70A641E3-A192-4E12-8507-DFD10738C851}.Release|Any CPU.Build.0 = Release|Any CPU
		{7EDAA536-4E0B-4FC7-88E5-1209537C307A}.Debug|Any CPU.ActiveCfg = Debug|Any CPU
		{7EDAA536-4E0B-4FC7-88E5-1209537C307A}.Debug|Any CPU.Build.0 = Debug|Any CPU
		{7EDAA536-4E0B-4FC7-88E5-1209537C307A}.Release|Any CPU.ActiveCfg = Release|Any CPU
		{7EDAA536-4E0B-4FC7-88E5-1209537C307A}.Release|Any CPU.Build.0 = Release|Any CPU
		{2B763FCC-4F56-462A-94F9-08A8A8D2B15C}.Debug|Any CPU.ActiveCfg = Debug|Any CPU
		{2B763FCC-4F56-462A-94F9-08A8A8D2B15C}.Debug|Any CPU.Build.0 = Debug|Any CPU
		{2B763FCC-4F56-462A-94F9-08A8A8D2B15C}.Release|Any CPU.ActiveCfg = Release|Any CPU
		{2B763FCC-4F56-462A-94F9-08A8A8D2B15C}.Release|Any CPU.Build.0 = Release|Any CPU
	EndGlobalSection
	GlobalSection(SolutionProperties) = preSolution
		HideSolutionNode = FALSE
	EndGlobalSection
	GlobalSection(ExtensibilityGlobals) = postSolution
		SolutionGuid = {4D9C18C2-F1B9-4341-B7A3-4BD565C043DC}
	EndGlobalSection
EndGlobal
